<?xml version="1.0" encoding="utf-8"?>
<Project ToolsVersion="4.0" xmlns="http://schemas.microsoft.com/developer/msbuild/2003">
  <ItemGroup>
    <Filter Include="01 ComClients">
      <UniqueIdentifier>{027f33d7-d85a-4434-95f1-08e9cfed24d5}</UniqueIdentifier>
    </Filter>
    <Filter Include="02 DebugServer">
      <UniqueIdentifier>{3358d72b-7ed5-4749-82f7-ff342d0ba193}</UniqueIdentifier>
    </Filter>
    <Filter Include="00 LightLifeBox">
      <UniqueIdentifier>{f654c693-9a1a-4372-b693-80a621044000}</UniqueIdentifier>
    </Filter>
    <Filter Include="03 LogIni">
      <UniqueIdentifier>{a7f78554-0af6-4ec4-b794-433a18a9285f}</UniqueIdentifier>
    </Filter>
    <Filter Include="04 Platform">
      <UniqueIdentifier>{9db9fbdf-eb25-4f9e-ac1d-01ccda7d935d}</UniqueIdentifier>
    </Filter>
    <Filter Include="05 Test">
      <UniqueIdentifier>{9c0bd473-d9cb-4cd8-a5c1-061c66d6d5e3}</UniqueIdentifier>
    </Filter>
  </ItemGroup>
  <ItemGroup>
    <ClCompile Include="01_ComClients\baseClient.cpp">
      <Filter>01 ComClients</Filter>
    </ClCompile>
    <ClCompile Include="01_ComClients\DMXClient.cpp">
      <Filter>01 ComClients</Filter>
    </ClCompile>
    <ClCompile Include="01_ComClients\serialib.cpp">
      <Filter>01 ComClients</Filter>
    </ClCompile>
    <ClCompile Include="02_DebugServer\DebugServer.cpp">
      <Filter>02 DebugServer</Filter>
    </ClCompile>
    <ClCompile Include="02_DebugServer\tcpacceptor.cpp">
      <Filter>02 DebugServer</Filter>
    </ClCompile>
    <ClCompile Include="02_DebugServer\tcpstream.cpp">
      <Filter>02 DebugServer</Filter>
    </ClCompile>
    <ClCompile Include="01_ComClients\ZLLClient.cpp">
      <Filter>01 ComClients</Filter>
    </ClCompile>
    <ClCompile Include="01_ComClients\DaliClient.cpp">
      <Filter>01 ComClients</Filter>
    </ClCompile>
    <ClCompile Include="00_LightLifeBox\helpers.cpp">
      <Filter>00 LightLifeBox</Filter>
    </ClCompile>
    <ClCompile Include="00_LightLifeBox\main.cpp">
      <Filter>00 LightLifeBox</Filter>
    </ClCompile>
    <ClCompile Include="03_LogIni\IXMLParser.cpp">
      <Filter>03 LogIni</Filter>
    </ClCompile>
    <ClCompile Include="03_LogIni\Logger.cpp">
      <Filter>03 LogIni</Filter>
    </ClCompile>
    <ClCompile Include="03_LogIni\Settings.cpp">
      <Filter>03 LogIni</Filter>
    </ClCompile>
    <ClCompile Include="04_Platform\PlatformCygwin.cpp">
      <Filter>04 Platform</Filter>
    </ClCompile>
    <ClCompile Include="04_Platform\PlatformWin32.cpp">
      <Filter>04 Platform</Filter>
    </ClCompile>
    <ClCompile Include="00_LightLifeBox\Button.cpp">
      <Filter>00 LightLifeBox</Filter>
    </ClCompile>
    <ClCompile Include="00_LightLifeBox\TastButton.cpp">
      <Filter>00 LightLifeBox</Filter>
    </ClCompile>
    <ClCompile Include="00_LightLifeBox\ControlBox.cpp">
      <Filter>00 LightLifeBox</Filter>
    </ClCompile>
    <ClCompile Include="00_LightLifeBox\PILight.cpp">
      <Filter>00 LightLifeBox</Filter>
    </ClCompile>
    <ClCompile Include="02_DebugServer\tcpconnector.cpp">
      <Filter>02 DebugServer</Filter>
    </ClCompile>
    <ClCompile Include="05_Test\IPClient.cpp">
      <Filter>05 Test</Filter>
    </ClCompile>
    <ClCompile Include="01_ComClients\NeoLinkClient.cpp">
      <Filter>01 ComClients</Filter>
    </ClCompile>
    <ClCompile Include="01_ComClients\LightLifeLogger.cpp">
      <Filter>01 ComClients</Filter>
    </ClCompile>
    <ClCompile Include="00_LightLifeBox\RemoteCommands.cpp">
      <Filter>00 LightLifeBox</Filter>
    </ClCompile>
  </ItemGroup>
  <ItemGroup>
    <ClInclude Include="01_ComClients\baseClient.h">
      <Filter>01 ComClients</Filter>
    </ClInclude>
    <ClInclude Include="01_ComClients\DMXClient.h">
      <Filter>01 ComClients</Filter>
    </ClInclude>
    <ClInclude Include="01_ComClients\serialib.h">
      <Filter>01 ComClients</Filter>
    </ClInclude>
    <ClInclude Include="02_DebugServer\DebugServer.h">
      <Filter>02 DebugServer</Filter>
    </ClInclude>
    <ClInclude Include="02_DebugServer\tcpacceptor.h">
      <Filter>02 DebugServer</Filter>
    </ClInclude>
    <ClInclude Include="02_DebugServer\tcpstream.h">
      <Filter>02 DebugServer</Filter>
    </ClInclude>
    <ClInclude Include="01_ComClients\ZLLClient.h">
      <Filter>01 ComClients</Filter>
    </ClInclude>
    <ClInclude Include="01_ComClients\DaliClient.h">
      <Filter>01 ComClients</Filter>
    </ClInclude>
    <ClInclude Include="00_LightLifeBox\helpers.h">
      <Filter>00 LightLifeBox</Filter>
    </ClInclude>
    <ClInclude Include="03_LogIni\IXMLParser.h">
      <Filter>03 LogIni</Filter>
    </ClInclude>
    <ClInclude Include="03_LogIni\Logger.h">
      <Filter>03 LogIni</Filter>
    </ClInclude>
    <ClInclude Include="03_LogIni\Settings.h">
      <Filter>03 LogIni</Filter>
    </ClInclude>
    <ClInclude Include="04_Platform\PlatformWin32.h">
      <Filter>04 Platform</Filter>
    </ClInclude>
    <ClInclude Include="04_Platform\PlatformCygwin.h">
      <Filter>04 Platform</Filter>
    </ClInclude>
    <ClInclude Include="00_LightLifeBox\Button.h">
      <Filter>00 LightLifeBox</Filter>
    </ClInclude>
    <ClInclude Include="00_LightLifeBox\TastButton.h">
      <Filter>00 LightLifeBox</Filter>
    </ClInclude>
    <ClInclude Include="00_LightLifeBox\ControlBox.h">
      <Filter>00 LightLifeBox</Filter>
    </ClInclude>
    <ClInclude Include="00_LightLifeBox\PILight.h">
      <Filter>00 LightLifeBox</Filter>
    </ClInclude>
    <ClInclude Include="02_DebugServer\tcpconnector.h">
      <Filter>02 DebugServer</Filter>
    </ClInclude>
    <ClInclude Include="05_Test\IPClient.h">
      <Filter>05 Test</Filter>
    </ClInclude>
    <ClInclude Include="01_ComClients\NeoLinkClient.h">
      <Filter>01 ComClients</Filter>
    </ClInclude>
    <ClInclude Include="01_ComClients\LightLifeLogger.h">
      <Filter>01 ComClients</Filter>
    </ClInclude>
    <ClInclude Include="00_LightLifeBox\RemoteCommands.h">
      <Filter>00 LightLifeBox</Filter>
    </ClInclude>
  </ItemGroup>
</Project>